// !$*UTF8*$!
{
	archiveVersion = 1;
	classes = {
	};
	objectVersion = 46;
	objects = {

/* Begin PBXBuildFile section */
		1A7731C91C7E83B0006FD5D8 /* AppDelegate.swift in Sources */ = {isa = PBXBuildFile; fileRef = 1A7731C81C7E83B0006FD5D8 /* AppDelegate.swift */; };
		1A7731CB1C7E83B0006FD5D8 /* ViewController.swift in Sources */ = {isa = PBXBuildFile; fileRef = 1A7731CA1C7E83B0006FD5D8 /* ViewController.swift */; };
		1A7731CE1C7E83B1006FD5D8 /* Main.storyboard in Resources */ = {isa = PBXBuildFile; fileRef = 1A7731CC1C7E83B1006FD5D8 /* Main.storyboard */; };
		1A7731D01C7E83B1006FD5D8 /* Assets.xcassets in Resources */ = {isa = PBXBuildFile; fileRef = 1A7731CF1C7E83B1006FD5D8 /* Assets.xcassets */; };
		1A7731D31C7E83B1006FD5D8 /* LaunchScreen.storyboard in Resources */ = {isa = PBXBuildFile; fileRef = 1A7731D11C7E83B1006FD5D8 /* LaunchScreen.storyboard */; };
		1A7731DE1C7E83B2006FD5D8 /* SpeakTests.swift in Sources */ = {isa = PBXBuildFile; fileRef = 1A7731DD1C7E83B2006FD5D8 /* SpeakTests.swift */; };
		1A7731E91C7E83B2006FD5D8 /* SpeakUITests.swift in Sources */ = {isa = PBXBuildFile; fileRef = 1A7731E81C7E83B2006FD5D8 /* SpeakUITests.swift */; };
/* End PBXBuildFile section */

/* Begin PBXContainerItemProxy section */
		1A7731DA1C7E83B2006FD5D8 /* PBXContainerItemProxy */ = {
			isa = PBXContainerItemProxy;
			containerPortal = 1A7731BD1C7E83B0006FD5D8 /* Project object */;
			proxyType = 1;
			remoteGlobalIDString = 1A7731C41C7E83B0006FD5D8;
			remoteInfo = Speak;
		};
		1A7731E51C7E83B2006FD5D8 /* PBXContainerItemProxy */ = {
			isa = PBXContainerItemProxy;
			containerPortal = 1A7731BD1C7E83B0006FD5D8 /* Project object */;
			proxyType = 1;
			remoteGlobalIDString = 1A7731C41C7E83B0006FD5D8;
			remoteInfo = Speak;
		};
/* End PBXContainerItemProxy section */

/* Begin PBXFileReference section */
		1A7731C51C7E83B0006FD5D8 /* Speak.app */ = {isa = PBXFileReference; explicitFileType = wrapper.application; includeInIndex = 0; path = Speak.app; sourceTree = BUILT_PRODUCTS_DIR; };
		1A7731C81C7E83B0006FD5D8 /* AppDelegate.swift */ = {isa = PBXFileReference; lastKnownFileType = sourcecode.swift; path = AppDelegate.swift; sourceTree = "<group>"; };
		1A7731CA1C7E83B0006FD5D8 /* ViewController.swift */ = {isa = PBXFileReference; lastKnownFileType = sourcecode.swift; path = ViewController.swift; sourceTree = "<group>"; };
		1A7731CD1C7E83B1006FD5D8 /* Base */ = {isa = PBXFileReference; lastKnownFileType = file.storyboard; name = Base; path = Base.lproj/Main.storyboard; sourceTree = "<group>"; };
		1A7731CF1C7E83B1006FD5D8 /* Assets.xcassets */ = {isa = PBXFileReference; lastKnownFileType = folder.assetcatalog; path = Assets.xcassets; sourceTree = "<group>"; };
		1A7731D21C7E83B1006FD5D8 /* Base */ = {isa = PBXFileReference; lastKnownFileType = file.storyboard; name = Base; path = Base.lproj/LaunchScreen.storyboard; sourceTree = "<group>"; };
		1A7731D41C7E83B1006FD5D8 /* Info.plist */ = {isa = PBXFileReference; lastKnownFileType = text.plist.xml; path = Info.plist; sourceTree = "<group>"; };
		1A7731D91C7E83B2006FD5D8 /* SpeakTests.xctest */ = {isa = PBXFileReference; explicitFileType = wrapper.cfbundle; includeInIndex = 0; path = SpeakTests.xctest; sourceTree = BUILT_PRODUCTS_DIR; };
		1A7731DD1C7E83B2006FD5D8 /* SpeakTests.swift */ = {isa = PBXFileReference; lastKnownFileType = sourcecode.swift; path = SpeakTests.swift; sourceTree = "<group>"; };
		1A7731DF1C7E83B2006FD5D8 /* Info.plist */ = {isa = PBXFileReference; lastKnownFileType = text.plist.xml; path = Info.plist; sourceTree = "<group>"; };
		1A7731E41C7E83B2006FD5D8 /* SpeakUITests.xctest */ = {isa = PBXFileReference; explicitFileType = wrapper.cfbundle; includeInIndex = 0; path = SpeakUITests.xctest; sourceTree = BUILT_PRODUCTS_DIR; };
		1A7731E81C7E83B2006FD5D8 /* SpeakUITests.swift */ = {isa = PBXFileReference; lastKnownFileType = sourcecode.swift; path = SpeakUITests.swift; sourceTree = "<group>"; };
		1A7731EA1C7E83B2006FD5D8 /* Info.plist */ = {isa = PBXFileReference; lastKnownFileType = text.plist.xml; path = Info.plist; sourceTree = "<group>"; };
/* End PBXFileReference section */

/* Begin PBXFrameworksBuildPhase section */
		1A7731C21C7E83B0006FD5D8 /* Frameworks */ = {
			isa = PBXFrameworksBuildPhase;
			buildActionMask = 2147483647;
			files = (
			);
			runOnlyForDeploymentPostprocessing = 0;
		};
		1A7731D61C7E83B2006FD5D8 /* Frameworks */ = {
			isa = PBXFrameworksBuildPhase;
			buildActionMask = 2147483647;
			files = (
			);
			runOnlyForDeploymentPostprocessing = 0;
		};
		1A7731E11C7E83B2006FD5D8 /* Frameworks */ = {
			isa = PBXFrameworksBuildPhase;
			buildActionMask = 2147483647;
			files = (
			);
			runOnlyForDeploymentPostprocessing = 0;
		};
/* End PBXFrameworksBuildPhase section */

/* Begin PBXGroup section */
		1A7731BC1C7E83B0006FD5D8 = {
			isa = PBXGroup;
			children = (
				1A7731C71C7E83B0006FD5D8 /* Speak */,
				1A7731DC1C7E83B2006FD5D8 /* SpeakTests */,
				1A7731E71C7E83B2006FD5D8 /* SpeakUITests */,
				1A7731C61C7E83B0006FD5D8 /* Products */,
			);
			sourceTree = "<group>";
		};
		1A7731C61C7E83B0006FD5D8 /* Products */ = {
			isa = PBXGroup;
			children = (
				1A7731C51C7E83B0006FD5D8 /* Speak.app */,
				1A7731D91C7E83B2006FD5D8 /* SpeakTests.xctest */,
				1A7731E41C7E83B2006FD5D8 /* SpeakUITests.xctest */,
			);
			name = Products;
			sourceTree = "<group>";
		};
		1A7731C71C7E83B0006FD5D8 /* Speak */ = {
			isa = PBXGroup;
			children = (
				1A7731C81C7E83B0006FD5D8 /* AppDelegate.swift */,
				1A7731CA1C7E83B0006FD5D8 /* ViewController.swift */,
				1A7731CC1C7E83B1006FD5D8 /* Main.storyboard */,
				1A7731CF1C7E83B1006FD5D8 /* Assets.xcassets */,
				1A7731D11C7E83B1006FD5D8 /* LaunchScreen.storyboard */,
				1A7731D41C7E83B1006FD5D8 /* Info.plist */,
			);
			path = Speak;
			sourceTree = "<group>";
		};
		1A7731DC1C7E83B2006FD5D8 /* SpeakTests */ = {
			isa = PBXGroup;
			children = (
				1A7731DD1C7E83B2006FD5D8 /* SpeakTests.swift */,
				1A7731DF1C7E83B2006FD5D8 /* Info.plist */,
			);
			path = SpeakTests;
			sourceTree = "<group>";
		};
		1A7731E71C7E83B2006FD5D8 /* SpeakUITests */ = {
			isa = PBXGroup;
			children = (
				1A7731E81C7E83B2006FD5D8 /* SpeakUITests.swift */,
				1A7731EA1C7E83B2006FD5D8 /* Info.plist */,
			);
			path = SpeakUITests;
			sourceTree = "<group>";
		};
/* End PBXGroup section */

/* Begin PBXNativeTarget section */
		1A7731C41C7E83B0006FD5D8 /* Speak */ = {
			isa = PBXNativeTarget;
			buildConfigurationList = 1A7731ED1C7E83B2006FD5D8 /* Build configuration list for PBXNativeTarget "Speak" */;
			buildPhases = (
				1A7731C11C7E83B0006FD5D8 /* Sources */,
				1A7731C21C7E83B0006FD5D8 /* Frameworks */,
				1A7731C31C7E83B0006FD5D8 /* Resources */,
			);
			buildRules = (
			);
			dependencies = (
			);
			name = Speak;
			productName = Speak;
			productReference = 1A7731C51C7E83B0006FD5D8 /* Speak.app */;
			productType = "com.apple.product-type.application";
		};
		1A7731D81C7E83B2006FD5D8 /* SpeakTests */ = {
			isa = PBXNativeTarget;
			buildConfigurationList = 1A7731F01C7E83B2006FD5D8 /* Build configuration list for PBXNativeTarget "SpeakTests" */;
			buildPhases = (
				1A7731D51C7E83B2006FD5D8 /* Sources */,
				1A7731D61C7E83B2006FD5D8 /* Frameworks */,
				1A7731D71C7E83B2006FD5D8 /* Resources */,
			);
			buildRules = (
			);
			dependencies = (
				1A7731DB1C7E83B2006FD5D8 /* PBXTargetDependency */,
			);
			name = SpeakTests;
			productName = SpeakTests;
			productReference = 1A7731D91C7E83B2006FD5D8 /* SpeakTests.xctest */;
			productType = "com.apple.product-type.bundle.unit-test";
		};
		1A7731E31C7E83B2006FD5D8 /* SpeakUITests */ = {
			isa = PBXNativeTarget;
			buildConfigurationList = 1A7731F31C7E83B2006FD5D8 /* Build configuration list for PBXNativeTarget "SpeakUITests" */;
			buildPhases = (
				1A7731E01C7E83B2006FD5D8 /* Sources */,
				1A7731E11C7E83B2006FD5D8 /* Frameworks */,
				1A7731E21C7E83B2006FD5D8 /* Resources */,
			);
			buildRules = (
			);
			dependencies = (
				1A7731E61C7E83B2006FD5D8 /* PBXTargetDependency */,
			);
			name = SpeakUITests;
			productName = SpeakUITests;
			productReference = 1A7731E41C7E83B2006FD5D8 /* SpeakUITests.xctest */;
			productType = "com.apple.product-type.bundle.ui-testing";
		};
/* End PBXNativeTarget section */

/* Begin PBXProject section */
		1A7731BD1C7E83B0006FD5D8 /* Project object */ = {
			isa = PBXProject;
			attributes = {
				LastSwiftUpdateCheck = 0710;
				LastUpgradeCheck = 0710;
				ORGANIZATIONNAME = "Andrea Spadaro";
				TargetAttributes = {
					1A7731C41C7E83B0006FD5D8 = {
						CreatedOnToolsVersion = 7.1;
					};
					1A7731D81C7E83B2006FD5D8 = {
						CreatedOnToolsVersion = 7.1;
						TestTargetID = 1A7731C41C7E83B0006FD5D8;
					};
					1A7731E31C7E83B2006FD5D8 = {
						CreatedOnToolsVersion = 7.1;
						TestTargetID = 1A7731C41C7E83B0006FD5D8;
					};
				};
			};
			buildConfigurationList = 1A7731C01C7E83B0006FD5D8 /* Build configuration list for PBXProject "Speak" */;
			compatibilityVersion = "Xcode 3.2";
			developmentRegion = English;
			hasScannedForEncodings = 0;
			knownRegions = (
				en,
				Base,
			);
			mainGroup = 1A7731BC1C7E83B0006FD5D8;
			productRefGroup = 1A7731C61C7E83B0006FD5D8 /* Products */;
			projectDirPath = "";
			projectRoot = "";
			targets = (
				1A7731C41C7E83B0006FD5D8 /* Speak */,
				1A7731D81C7E83B2006FD5D8 /* SpeakTests */,
				1A7731E31C7E83B2006FD5D8 /* SpeakUITests */,
			);
		};
/* End PBXProject section */

/* Begin PBXResourcesBuildPhase section */
		1A7731C31C7E83B0006FD5D8 /* Resources */ = {
			isa = PBXResourcesBuildPhase;
			buildActionMask = 2147483647;
			files = (
				1A7731D31C7E83B1006FD5D8 /* LaunchScreen.storyboard in Resources */,
				1A7731D01C7E83B1006FD5D8 /* Assets.xcassets in Resources */,
				1A7731CE1C7E83B1006FD5D8 /* Main.storyboard in Resources */,
			);
			runOnlyForDeploymentPostprocessing = 0;
		};
		1A7731D71C7E83B2006FD5D8 /* Resources */ = {
			isa = PBXResourcesBuildPhase;
			buildActionMask = 2147483647;
			files = (
			);
			runOnlyForDeploymentPostprocessing = 0;
		};
		1A7731E21C7E83B2006FD5D8 /* Resources */ = {
			isa = PBXResourcesBuildPhase;
			buildActionMask = 2147483647;
			files = (
			);
			runOnlyForDeploymentPostprocessing = 0;
		};
/* End PBXResourcesBuildPhase section */

/* Begin PBXSourcesBuildPhase section */
		1A7731C11C7E83B0006FD5D8 /* Sources */ = {
			isa = PBXSourcesBuildPhase;
			buildActionMask = 2147483647;
			files = (
				1A7731CB1C7E83B0006FD5D8 /* ViewController.swift in Sources */,
				1A7731C91C7E83B0006FD5D8 /* AppDelegate.swift in Sources */,
			);
			runOnlyForDeploymentPostprocessing = 0;
		};
		1A7731D51C7E83B2006FD5D8 /* Sources */ = {
			isa = PBXSourcesBuildPhase;
			buildActionMask = 2147483647;
			files = (
				1A7731DE1C7E83B2006FD5D8 /* SpeakTests.swift in Sources */,
			);
			runOnlyForDeploymentPostprocessing = 0;
		};
		1A7731E01C7E83B2006FD5D8 /* Sources */ = {
			isa = PBXSourcesBuildPhase;
			buildActionMask = 2147483647;
			files = (
				1A7731E91C7E83B2006FD5D8 /* SpeakUITests.swift in Sources */,
			);
			runOnlyForDeploymentPostprocessing = 0;
		};
/* End PBXSourcesBuildPhase section */

/* Begin PBXTargetDependency section */
		1A7731DB1C7E83B2006FD5D8 /* PBXTargetDependency */ = {
			isa = PBXTargetDependency;
			target = 1A7731C41C7E83B0006FD5D8 /* Speak */;
			targetProxy = 1A7731DA1C7E83B2006FD5D8 /* PBXContainerItemProxy */;
		};
		1A7731E61C7E83B2006FD5D8 /* PBXTargetDependency */ = {
			isa = PBXTargetDependency;
			target = 1A7731C41C7E83B0006FD5D8 /* Speak */;
			targetProxy = 1A7731E51C7E83B2006FD5D8 /* PBXContainerItemProxy */;
		};
/* End PBXTargetDependency section */

/* Begin PBXVariantGroup section */
		1A7731CC1C7E83B1006FD5D8 /* Main.storyboard */ = {
			isa = PBXVariantGroup;
			children = (
				1A7731CD1C7E83B1006FD5D8 /* Base */,
			);
			name = Main.storyboard;
			sourceTree = "<group>";
		};
		1A7731D11C7E83B1006FD5D8 /* LaunchScreen.storyboard */ = {
			isa = PBXVariantGroup;
			children = (
				1A7731D21C7E83B1006FD5D8 /* Base */,
			);
			name = LaunchScreen.storyboard;
			sourceTree = "<group>";
		};
/* End PBXVariantGroup section */

/* Begin XCBuildConfiguration section */
		1A7731EB1C7E83B2006FD5D8 /* Debug */ = {
			isa = XCBuildConfiguration;
			buildSettings = {
				ALWAYS_SEARCH_USER_PATHS = NO;
				CLANG_CXX_LANGUAGE_STANDARD = "gnu++0x";
				CLANG_CXX_LIBRARY = "libc++";
				CLANG_ENABLE_MODULES = YES;
				CLANG_ENABLE_OBJC_ARC = YES;
				CLANG_WARN_BOOL_CONVERSION = YES;
				CLANG_WARN_CONSTANT_CONVERSION = YES;
				CLANG_WARN_DIRECT_OBJC_ISA_USAGE = YES_ERROR;
				CLANG_WARN_EMPTY_BODY = YES;
				CLANG_WARN_ENUM_CONVERSION = YES;
				CLANG_WARN_INT_CONVERSION = YES;
				CLANG_WARN_OBJC_ROOT_CLASS = YES_ERROR;
				CLANG_WARN_UNREACHABLE_CODE = YES;
				CLANG_WARN__DUPLICATE_METHOD_MATCH = YES;
				"CODE_SIGN_IDENTITY[sdk=iphoneos*]" = "iPhone Developer";
				COPY_PHASE_STRIP = NO;
				DEBUG_INFORMATION_FORMAT = dwarf;
				ENABLE_STRICT_OBJC_MSGSEND = YES;
				ENABLE_TESTABILITY = YES;
				GCC_C_LANGUAGE_STANDARD = gnu99;
				GCC_DYNAMIC_NO_PIC = NO;
				GCC_NO_COMMON_BLOCKS = YES;
				GCC_OPTIMIZATION_LEVEL = 0;
				GCC_PREPROCESSOR_DEFINITIONS = (
					"DEBUG=1",
					"$(inherited)",
				);
				GCC_WARN_64_TO_32_BIT_CONVERSION = YES;
				GCC_WARN_ABOUT_RETURN_TYPE = YES_ERROR;
				GCC_WARN_UNDECLARED_SELECTOR = YES;
				GCC_WARN_UNINITIALIZED_AUTOS = YES_AGGRESSIVE;
				GCC_WARN_UNUSED_FUNCTION = YES;
				GCC_WARN_UNUSED_VARIABLE = YES;
				IPHONEOS_DEPLOYMENT_TARGET = 9.1;
				MTL_ENABLE_DEBUG_INFO = YES;
				ONLY_ACTIVE_ARCH = YES;
				SDKROOT = iphoneos;
				SWIFT_OPTIMIZATION_LEVEL = "-Onone";
			};
			name = Debug;
		};
		1A7731EC1C7E83B2006FD5D8 /* Release */ = {
			isa = XCBuildConfiguration;
			buildSettings = {
				ALWAYS_SEARCH_USER_PATHS = NO;
				CLANG_CXX_LANGUAGE_STANDARD = "gnu++0x";
				CLANG_CXX_LIBRARY = "libc++";
				CLANG_ENABLE_MODULES = YES;
				CLANG_ENABLE_OBJC_ARC = YES;
				CLANG_WARN_BOOL_CONVERSION = YES;
				CLANG_WARN_CONSTANT_CONVERSION = YES;
				CLANG_WARN_DIRECT_OBJC_ISA_USAGE = YES_ERROR;
				CLANG_WARN_EMPTY_BODY = YES;
				CLANG_WARN_ENUM_CONVERSION = YES;
				CLANG_WARN_INT_CONVERSION = YES;
				CLANG_WARN_OBJC_ROOT_CLASS = YES_ERROR;
				CLANG_WARN_UNREACHABLE_CODE = YES;
				CLANG_WARN__DUPLICATE_METHOD_MATCH = YES;
				"CODE_SIGN_IDENTITY[sdk=iphoneos*]" = "iPhone Developer";
				COPY_PHASE_STRIP = NO;
				DEBUG_INFORMATION_FORMAT = "dwarf-with-dsym";
				ENABLE_NS_ASSERTIONS = NO;
				ENABLE_STRICT_OBJC_MSGSEND = YES;
				GCC_C_LANGUAGE_STANDARD = gnu99;
				GCC_NO_COMMON_BLOCKS = YES;
				GCC_WARN_64_TO_32_BIT_CONVERSION = YES;
				GCC_WARN_ABOUT_RETURN_TYPE = YES_ERROR;
				GCC_WARN_UNDECLARED_SELECTOR = YES;
				GCC_WARN_UNINITIALIZED_AUTOS = YES_AGGRESSIVE;
				GCC_WARN_UNUSED_FUNCTION = YES;
				GCC_WARN_UNUSED_VARIABLE = YES;
				IPHONEOS_DEPLOYMENT_TARGET = 9.1;
				MTL_ENABLE_DEBUG_INFO = NO;
				SDKROOT = iphoneos;
				VALIDATE_PRODUCT = YES;
			};
			name = Release;
		};
		1A7731EE1C7E83B2006FD5D8 /* Debug */ = {
			isa = XCBuildConfiguration;
			buildSettings = {
				ASSETCATALOG_COMPILER_APPICON_NAME = AppIcon;
				INFOPLIST_FILE = Speak/Info.plist;
				LD_RUNPATH_SEARCH_PATHS = "$(inherited) @executable_path/Frameworks";
				PRODUCT_BUNDLE_IDENTIFIER = com.andreaspadaro.Speak;
				PRODUCT_NAME = "$(TARGET_NAME)";
			};
			name = Debug;
		};
		1A7731EF1C7E83B2006FD5D8 /* Release */ = {
			isa = XCBuildConfiguration;
			buildSettings = {
				ASSETCATALOG_COMPILER_APPICON_NAME = AppIcon;
				INFOPLIST_FILE = Speak/Info.plist;
				LD_RUNPATH_SEARCH_PATHS = "$(inherited) @executable_path/Frameworks";
				PRODUCT_BUNDLE_IDENTIFIER = com.andreaspadaro.Speak;
				PRODUCT_NAME = "$(TARGET_NAME)";
			};
			name = Release;
		};
		1A7731F11C7E83B2006FD5D8 /* Debug */ = {
			isa = XCBuildConfiguration;
			buildSettings = {
				BUNDLE_LOADER = "$(TEST_HOST)";
				INFOPLIST_FILE = SpeakTests/Info.plist;
				LD_RUNPATH_SEARCH_PATHS = "$(inherited) @executable_path/Frameworks @loader_path/Frameworks";
				PRODUCT_BUNDLE_IDENTIFIER = com.andreaspadaro.SpeakTests;
				PRODUCT_NAME = "$(TARGET_NAME)";
				TEST_HOST = "$(BUILT_PRODUCTS_DIR)/Speak.app/Speak";
			};
			name = Debug;
		};
		1A7731F21C7E83B2006FD5D8 /* Release */ = {
			isa = XCBuildConfiguration;
			buildSettings = {
				BUNDLE_LOADER = "$(TEST_HOST)";
				INFOPLIST_FILE = SpeakTests/Info.plist;
				LD_RUNPATH_SEARCH_PATHS = "$(inherited) @executable_path/Frameworks @loader_path/Frameworks";
				PRODUCT_BUNDLE_IDENTIFIER = com.andreaspadaro.SpeakTests;
				PRODUCT_NAME = "$(TARGET_NAME)";
				TEST_HOST = "$(BUILT_PRODUCTS_DIR)/Speak.app/Speak";
			};
			name = Release;
		};
		1A7731F41C7E83B2006FD5D8 /* Debug */ = {
			isa = XCBuildConfiguration;
			buildSettings = {
				INFOPLIST_FILE = SpeakUITests/Info.plist;
				LD_RUNPATH_SEARCH_PATHS = "$(inherited) @executable_path/Frameworks @loader_path/Frameworks";
				PRODUCT_BUNDLE_IDENTIFIER = com.andreaspadaro.SpeakUITests;
				PRODUCT_NAME = "$(TARGET_NAME)";
				TEST_TARGET_NAME = Speak;
				USES_XCTRUNNER = YES;
			};
			name = Debug;
		};
		1A7731F51C7E83B2006FD5D8 /* Release */ = {
			isa = XCBuildConfiguration;
			buildSettings = {
				INFOPLIST_FILE = SpeakUITests/Info.plist;
				LD_RUNPATH_SEARCH_PATHS = "$(inherited) @executable_path/Frameworks @loader_path/Frameworks";
				PRODUCT_BUNDLE_IDENTIFIER = com.andreaspadaro.SpeakUITests;
				PRODUCT_NAME = "$(TARGET_NAME)";
				TEST_TARGET_NAME = Speak;
				USES_XCTRUNNER = YES;
			};
			name = Release;
		};
/* End XCBuildConfiguration section */

/* Begin XCConfigurationList section */
		1A7731C01C7E83B0006FD5D8 /* Build configuration list for PBXProject "Speak" */ = {
			isa = XCConfigurationList;
			buildConfigurations = (
				1A7731EB1C7E83B2006FD5D8 /* Debug */,
				1A7731EC1C7E83B2006FD5D8 /* Release */,
			);
			defaultConfigurationIsVisible = 0;
			defaultConfigurationName = Release;
		};
		1A7731ED1C7E83B2006FD5D8 /* Build configuration list for PBXNativeTarget "Speak" */ = {
			isa = XCConfigurationList;
			buildConfigurations = (
				1A7731EE1C7E83B2006FD5D8 /* Debug */,
				1A7731EF1C7E83B2006FD5D8 /* Release */,
			);
			defaultConfigurationIsVisible = 0;
		};
		1A7731F01C7E83B2006FD5D8 /* Build configuration list for PBXNativeTarget "SpeakTests" */ = {
			isa = XCConfigurationList;
			buildConfigurations = (
				1A7731F11C7E83B2006FD5D8 /* Debug */,
				1A7731F21C7E83B2006FD5D8 /* Release */,
			);
			defaultConfigurationIsVisible = 0;
		};
		1A7731F31C7E83B2006FD5D8 /* Build configuration list for PBXNativeTarget "SpeakUITests" */ = {
			isa = XCConfigurationList;
			buildConfigurations = (
				1A7731F41C7E83B2006FD5D8 /* Debug */,
				1A7731F51C7E83B2006FD5D8 /* Release */,
			);
			defaultConfigurationIsVisible = 0;
		};
/* End XCConfigurationList section */
	};
	rootObject = 1A7731BD1C7E83B0006FD5D8 /* Project object */;
}
